
Microsoft Visual Studio Solution File, Format Version 12.00
# Visual Studio Version 17
VisualStudioVersion = 17.0.31612.314
MinimumVisualStudioVersion = 10.0.40219.1
Project("{2150E333-8FDC-42A3-9474-1A3956D46DE8}") = "Solution Items", "Solution Items", "{5A75ED75-15C7-4487-9D2C-54F8CBACDA4C}"
	ProjectSection(SolutionItems) = preProject
		.gitignore = .gitignore
		LICENSE = LICENSE
		README.md = README.md
	EndProjectSection
EndProject
Project("{FAE04EC0-301F-11D3-BF4B-00C04F79EFBC}") = "NathanMocking.Test", "NathanMocking.Test\NathanMocking.Test.csproj", "{72D69FD5-06D1-42F0-BA2B-D503F986A6BF}"
EndProject
Project("{9A19103F-16F7-4668-BE54-9A1E7A4F7556}") = "NathanMocking", "NathanMocking\NathanMocking.csproj", "{94E8BFCF-7A64-47EA-927C-882E11F33748}"
EndProject
Global
	GlobalSection(SolutionConfigurationPlatforms) = preSolution
		Debug|Any CPU = Debug|Any CPU
		Release|Any CPU = Release|Any CPU
	EndGlobalSection
	GlobalSection(ProjectConfigurationPlatforms) = postSolution
		{72D69FD5-06D1-42F0-BA2B-D503F986A6BF}.Debug|Any CPU.ActiveCfg = Debug|Any CPU
		{72D69FD5-06D1-42F0-BA2B-D503F986A6BF}.Debug|Any CPU.Build.0 = Debug|Any CPU
		{72D69FD5-06D1-42F0-BA2B-D503F986A6BF}.Release|Any CPU.ActiveCfg = Release|Any CPU
		{72D69FD5-06D1-42F0-BA2B-D503F986A6BF}.Release|Any CPU.Build.0 = Release|Any CPU
		{94E8BFCF-7A64-47EA-927C-882E11F33748}.Debug|Any CPU.ActiveCfg = Debug|Any CPU
		{94E8BFCF-7A64-47EA-927C-882E11F33748}.Debug|Any CPU.Build.0 = Debug|Any CPU
		{94E8BFCF-7A64-47EA-927C-882E11F33748}.Release|Any CPU.ActiveCfg = Release|Any CPU
		{94E8BFCF-7A64-47EA-927C-882E11F33748}.Release|Any CPU.Build.0 = Release|Any CPU
	EndGlobalSection
	GlobalSection(SolutionProperties) = preSolution
		HideSolutionNode = FALSE
	EndGlobalSection
	GlobalSection(ExtensibilityGlobals) = postSolution
		SolutionGuid = {631AB5CA-133D-4C75-8381-CF9F2B49E195}
	EndGlobalSection
EndGlobal
